
Microsoft Visual Studio Solution File, Format Version 12.00
# Visual Studio Version 16
VisualStudioVersion = 16.0.32228.343
MinimumVisualStudioVersion = 10.0.40219.1
Project("{9A19103F-16F7-4668-BE54-9A1E7A4F7556}") = "DeadProjectFinder", "DeadProjectFinder\DeadProjectFinder.csproj", "{B813454E-1425-4766-B8BB-456DFD390F92}"
EndProject
Global
	GlobalSection(SolutionConfigurationPlatforms) = preSolution
		Debug|Any CPU = Debug|Any CPU
		Release|Any CPU = Release|Any CPU
	EndGlobalSection
	GlobalSection(ProjectConfigurationPlatforms) = postSolution
		{B813454E-1425-4766-B8BB-456DFD390F92}.Debug|Any CPU.ActiveCfg = Debug|Any CPU
		{B813454E-1425-4766-B8BB-456DFD390F92}.Debug|Any CPU.Build.0 = Debug|Any CPU
		{B813454E-1425-4766-B8BB-456DFD390F92}.Release|Any CPU.ActiveCfg = Release|Any CPU
		{B813454E-1425-4766-B8BB-456DFD390F92}.Release|Any CPU.Build.0 = Release|Any CPU
	EndGlobalSection
	GlobalSection(SolutionProperties) = preSolution
		HideSolutionNode = FALSE
	EndGlobalSection
	GlobalSection(ExtensibilityGlobals) = postSolution
		SolutionGuid = {143E7D5E-7715-4A79-85C8-AA8024CE988F}
	EndGlobalSection
EndGlobal
